<?xml version="1.0" encoding="UTF-8"?>
<CodeBlocks_project_file>
	<FileVersion major="1" minor="6"/>
	<Project>
		<Option title="IceFlow"/>
		<Option makefile_is_custom="1"/>
		<Option compiler="gcc"/>
		<Option virtualFolders="CMake Files\;CMake Files\cmake\;CMake Files\include\;CMake Files\apps\;CMake Files\..\;CMake Files\..\..\;CMake Files\..\..\..\;CMake Files\..\..\..\..\;CMake Files\..\..\..\..\usr\;CMake Files\..\..\..\..\usr\local\;CMake Files\..\..\..\..\usr\local\share\;CMake Files\..\..\..\..\usr\local\share\cmake\;CMake Files\..\..\..\..\usr\local\share\cmake\yaml-cpp\;CMake Files\..\..\..\..\usr\local\lib\;CMake Files\..\..\..\..\usr\local\lib\cmake\;CMake Files\..\..\..\..\usr\local\lib\cmake\opencv4\;CMake Files\..\..\..\..\usr\local\lib\cmake\Boost-1.81.0\;CMake Files\..\..\..\..\usr\local\lib\cmake\boost_headers-1.81.0\;"/>
		<Build>
			<Target title="all">
				<Option working_dir="/Users/tanimrayhan/Desktop/iceflow"/>
				<Option type="4"/>
				<MakeCommands>
					<Build command="/usr/local/bin/gmake -f &quot;/Users/tanimrayhan/Desktop/iceflow/Makefile&quot;  VERBOSE=1 all"/>
					<CompileFile command="/usr/local/bin/gmake -f &quot;/Users/tanimrayhan/Desktop/iceflow/Makefile&quot;  VERBOSE=1 &quot;$file&quot;"/>
					<Clean command="/usr/local/bin/gmake -f &quot;/Users/tanimrayhan/Desktop/iceflow/Makefile&quot;  VERBOSE=1 clean"/>
					<DistClean command="/usr/local/bin/gmake -f &quot;/Users/tanimrayhan/Desktop/iceflow/Makefile&quot;  VERBOSE=1 clean"/>
				</MakeCommands>
			</Target>
			<Target title="list_install_components">
				<Option working_dir="/Users/tanimrayhan/Desktop/iceflow"/>
				<Option type="4"/>
				<MakeCommands>
					<Build command="/usr/local/bin/gmake -f &quot;/Users/tanimrayhan/Desktop/iceflow/Makefile&quot;  VERBOSE=1 list_install_components"/>
					<CompileFile command="/usr/local/bin/gmake -f &quot;/Users/tanimrayhan/Desktop/iceflow/Makefile&quot;  VERBOSE=1 &quot;$file&quot;"/>
					<Clean command="/usr/local/bin/gmake -f &quot;/Users/tanimrayhan/Desktop/iceflow/Makefile&quot;  VERBOSE=1 clean"/>
					<DistClean command="/usr/local/bin/gmake -f &quot;/Users/tanimrayhan/Desktop/iceflow/Makefile&quot;  VERBOSE=1 clean"/>
				</MakeCommands>
			</Target>
			<Target title="check-format">
				<Option working_dir="/Users/tanimrayhan/Desktop/iceflow"/>
				<Option type="4"/>
				<MakeCommands>
					<Build command="/usr/local/bin/gmake -f &quot;/Users/tanimrayhan/Desktop/iceflow/Makefile&quot;  VERBOSE=1 check-format"/>
					<CompileFile command="/usr/local/bin/gmake -f &quot;/Users/tanimrayhan/Desktop/iceflow/Makefile&quot;  VERBOSE=1 &quot;$file&quot;"/>
					<Clean command="/usr/local/bin/gmake -f &quot;/Users/tanimrayhan/Desktop/iceflow/Makefile&quot;  VERBOSE=1 clean"/>
					<DistClean command="/usr/local/bin/gmake -f &quot;/Users/tanimrayhan/Desktop/iceflow/Makefile&quot;  VERBOSE=1 clean"/>
				</MakeCommands>
			</Target>
			<Target title="rebuild_cache">
				<Option working_dir="/Users/tanimrayhan/Desktop/iceflow"/>
				<Option type="4"/>
				<MakeCommands>
					<Build command="/usr/local/bin/gmake -f &quot;/Users/tanimrayhan/Desktop/iceflow/Makefile&quot;  VERBOSE=1 rebuild_cache"/>
					<CompileFile command="/usr/local/bin/gmake -f &quot;/Users/tanimrayhan/Desktop/iceflow/Makefile&quot;  VERBOSE=1 &quot;$file&quot;"/>
					<Clean command="/usr/local/bin/gmake -f &quot;/Users/tanimrayhan/Desktop/iceflow/Makefile&quot;  VERBOSE=1 clean"/>
					<DistClean command="/usr/local/bin/gmake -f &quot;/Users/tanimrayhan/Desktop/iceflow/Makefile&quot;  VERBOSE=1 clean"/>
				</MakeCommands>
			</Target>
			<Target title="edit_cache">
				<Option working_dir="/Users/tanimrayhan/Desktop/iceflow"/>
				<Option type="4"/>
				<MakeCommands>
					<Build command="/usr/local/bin/gmake -f &quot;/Users/tanimrayhan/Desktop/iceflow/Makefile&quot;  VERBOSE=1 edit_cache"/>
					<CompileFile command="/usr/local/bin/gmake -f &quot;/Users/tanimrayhan/Desktop/iceflow/Makefile&quot;  VERBOSE=1 &quot;$file&quot;"/>
					<Clean command="/usr/local/bin/gmake -f &quot;/Users/tanimrayhan/Desktop/iceflow/Makefile&quot;  VERBOSE=1 clean"/>
					<DistClean command="/usr/local/bin/gmake -f &quot;/Users/tanimrayhan/Desktop/iceflow/Makefile&quot;  VERBOSE=1 clean"/>
				</MakeCommands>
			</Target>
			<Target title="install/local">
				<Option working_dir="/Users/tanimrayhan/Desktop/iceflow"/>
				<Option type="4"/>
				<MakeCommands>
					<Build command="/usr/local/bin/gmake -f &quot;/Users/tanimrayhan/Desktop/iceflow/Makefile&quot;  VERBOSE=1 install/local"/>
					<CompileFile command="/usr/local/bin/gmake -f &quot;/Users/tanimrayhan/Desktop/iceflow/Makefile&quot;  VERBOSE=1 &quot;$file&quot;"/>
					<Clean command="/usr/local/bin/gmake -f &quot;/Users/tanimrayhan/Desktop/iceflow/Makefile&quot;  VERBOSE=1 clean"/>
					<DistClean command="/usr/local/bin/gmake -f &quot;/Users/tanimrayhan/Desktop/iceflow/Makefile&quot;  VERBOSE=1 clean"/>
				</MakeCommands>
			</Target>
			<Target title="lint">
				<Option working_dir="/Users/tanimrayhan/Desktop/iceflow"/>
				<Option type="4"/>
				<MakeCommands>
					<Build command="/usr/local/bin/gmake -f &quot;/Users/tanimrayhan/Desktop/iceflow/Makefile&quot;  VERBOSE=1 lint"/>
					<CompileFile command="/usr/local/bin/gmake -f &quot;/Users/tanimrayhan/Desktop/iceflow/Makefile&quot;  VERBOSE=1 &quot;$file&quot;"/>
					<Clean command="/usr/local/bin/gmake -f &quot;/Users/tanimrayhan/Desktop/iceflow/Makefile&quot;  VERBOSE=1 clean"/>
					<DistClean command="/usr/local/bin/gmake -f &quot;/Users/tanimrayhan/Desktop/iceflow/Makefile&quot;  VERBOSE=1 clean"/>
				</MakeCommands>
			</Target>
			<Target title="install/strip">
				<Option working_dir="/Users/tanimrayhan/Desktop/iceflow"/>
				<Option type="4"/>
				<MakeCommands>
					<Build command="/usr/local/bin/gmake -f &quot;/Users/tanimrayhan/Desktop/iceflow/Makefile&quot;  VERBOSE=1 install/strip"/>
					<CompileFile command="/usr/local/bin/gmake -f &quot;/Users/tanimrayhan/Desktop/iceflow/Makefile&quot;  VERBOSE=1 &quot;$file&quot;"/>
					<Clean command="/usr/local/bin/gmake -f &quot;/Users/tanimrayhan/Desktop/iceflow/Makefile&quot;  VERBOSE=1 clean"/>
					<DistClean command="/usr/local/bin/gmake -f &quot;/Users/tanimrayhan/Desktop/iceflow/Makefile&quot;  VERBOSE=1 clean"/>
				</MakeCommands>
			</Target>
			<Target title="install">
				<Option working_dir="/Users/tanimrayhan/Desktop/iceflow"/>
				<Option type="4"/>
				<MakeCommands>
					<Build command="/usr/local/bin/gmake -f &quot;/Users/tanimrayhan/Desktop/iceflow/Makefile&quot;  VERBOSE=1 install"/>
					<CompileFile command="/usr/local/bin/gmake -f &quot;/Users/tanimrayhan/Desktop/iceflow/Makefile&quot;  VERBOSE=1 &quot;$file&quot;"/>
					<Clean command="/usr/local/bin/gmake -f &quot;/Users/tanimrayhan/Desktop/iceflow/Makefile&quot;  VERBOSE=1 clean"/>
					<DistClean command="/usr/local/bin/gmake -f &quot;/Users/tanimrayhan/Desktop/iceflow/Makefile&quot;  VERBOSE=1 clean"/>
				</MakeCommands>
			</Target>
			<Target title="format">
				<Option working_dir="/Users/tanimrayhan/Desktop/iceflow"/>
				<Option type="4"/>
				<MakeCommands>
					<Build command="/usr/local/bin/gmake -f &quot;/Users/tanimrayhan/Desktop/iceflow/Makefile&quot;  VERBOSE=1 format"/>
					<CompileFile command="/usr/local/bin/gmake -f &quot;/Users/tanimrayhan/Desktop/iceflow/Makefile&quot;  VERBOSE=1 &quot;$file&quot;"/>
					<Clean command="/usr/local/bin/gmake -f &quot;/Users/tanimrayhan/Desktop/iceflow/Makefile&quot;  VERBOSE=1 clean"/>
					<DistClean command="/usr/local/bin/gmake -f &quot;/Users/tanimrayhan/Desktop/iceflow/Makefile&quot;  VERBOSE=1 clean"/>
				</MakeCommands>
			</Target>
			<Target title="facedetection">
				<Option output="/Users/tanimrayhan/Desktop/iceflow/build/facedetection" prefix_auto="0" extension_auto="0"/>
				<Option working_dir="/Users/tanimrayhan/Desktop/iceflow/apps"/>
				<Option object_output="./"/>
				<Option type="1"/>
				<Option compiler="gcc"/>
				<Compiler>
					<Add directory="/Users/tanimrayhan/Desktop/iceflow/apps/../include"/>
					<Add directory="/usr/local/include"/>
					<Add directory="/usr/local/opt/openssl/include"/>
					<Add directory="/usr/local/Cellar/opencv/4.7.0_4/include/opencv4"/>
				</Compiler>
				<MakeCommands>
					<Build command="/usr/local/bin/gmake -f &quot;/Users/tanimrayhan/Desktop/iceflow/apps/Makefile&quot;  VERBOSE=1 facedetection"/>
					<CompileFile command="/usr/local/bin/gmake -f &quot;/Users/tanimrayhan/Desktop/iceflow/apps/Makefile&quot;  VERBOSE=1 &quot;$file&quot;"/>
					<Clean command="/usr/local/bin/gmake -f &quot;/Users/tanimrayhan/Desktop/iceflow/apps/Makefile&quot;  VERBOSE=1 clean"/>
					<DistClean command="/usr/local/bin/gmake -f &quot;/Users/tanimrayhan/Desktop/iceflow/apps/Makefile&quot;  VERBOSE=1 clean"/>
				</MakeCommands>
			</Target>
			<Target title="facedetection/fast">
				<Option output="/Users/tanimrayhan/Desktop/iceflow/build/facedetection" prefix_auto="0" extension_auto="0"/>
				<Option working_dir="/Users/tanimrayhan/Desktop/iceflow/apps"/>
				<Option object_output="./"/>
				<Option type="1"/>
				<Option compiler="gcc"/>
				<Compiler>
					<Add directory="/Users/tanimrayhan/Desktop/iceflow/apps/../include"/>
					<Add directory="/usr/local/include"/>
					<Add directory="/usr/local/opt/openssl/include"/>
					<Add directory="/usr/local/Cellar/opencv/4.7.0_4/include/opencv4"/>
				</Compiler>
				<MakeCommands>
					<Build command="/usr/local/bin/gmake -f &quot;/Users/tanimrayhan/Desktop/iceflow/apps/Makefile&quot;  VERBOSE=1 facedetection/fast"/>
					<CompileFile command="/usr/local/bin/gmake -f &quot;/Users/tanimrayhan/Desktop/iceflow/apps/Makefile&quot;  VERBOSE=1 &quot;$file&quot;"/>
					<Clean command="/usr/local/bin/gmake -f &quot;/Users/tanimrayhan/Desktop/iceflow/apps/Makefile&quot;  VERBOSE=1 clean"/>
					<DistClean command="/usr/local/bin/gmake -f &quot;/Users/tanimrayhan/Desktop/iceflow/apps/Makefile&quot;  VERBOSE=1 clean"/>
				</MakeCommands>
			</Target>
			<Target title="aggregate">
				<Option output="/Users/tanimrayhan/Desktop/iceflow/build/aggregate" prefix_auto="0" extension_auto="0"/>
				<Option working_dir="/Users/tanimrayhan/Desktop/iceflow/apps"/>
				<Option object_output="./"/>
				<Option type="1"/>
				<Option compiler="gcc"/>
				<Compiler>
					<Add directory="/Users/tanimrayhan/Desktop/iceflow/apps/../include"/>
					<Add directory="/usr/local/include"/>
					<Add directory="/usr/local/opt/openssl/include"/>
					<Add directory="/usr/local/Cellar/opencv/4.7.0_4/include/opencv4"/>
				</Compiler>
				<MakeCommands>
					<Build command="/usr/local/bin/gmake -f &quot;/Users/tanimrayhan/Desktop/iceflow/apps/Makefile&quot;  VERBOSE=1 aggregate"/>
					<CompileFile command="/usr/local/bin/gmake -f &quot;/Users/tanimrayhan/Desktop/iceflow/apps/Makefile&quot;  VERBOSE=1 &quot;$file&quot;"/>
					<Clean command="/usr/local/bin/gmake -f &quot;/Users/tanimrayhan/Desktop/iceflow/apps/Makefile&quot;  VERBOSE=1 clean"/>
					<DistClean command="/usr/local/bin/gmake -f &quot;/Users/tanimrayhan/Desktop/iceflow/apps/Makefile&quot;  VERBOSE=1 clean"/>
				</MakeCommands>
			</Target>
			<Target title="aggregate/fast">
				<Option output="/Users/tanimrayhan/Desktop/iceflow/build/aggregate" prefix_auto="0" extension_auto="0"/>
				<Option working_dir="/Users/tanimrayhan/Desktop/iceflow/apps"/>
				<Option object_output="./"/>
				<Option type="1"/>
				<Option compiler="gcc"/>
				<Compiler>
					<Add directory="/Users/tanimrayhan/Desktop/iceflow/apps/../include"/>
					<Add directory="/usr/local/include"/>
					<Add directory="/usr/local/opt/openssl/include"/>
					<Add directory="/usr/local/Cellar/opencv/4.7.0_4/include/opencv4"/>
				</Compiler>
				<MakeCommands>
					<Build command="/usr/local/bin/gmake -f &quot;/Users/tanimrayhan/Desktop/iceflow/apps/Makefile&quot;  VERBOSE=1 aggregate/fast"/>
					<CompileFile command="/usr/local/bin/gmake -f &quot;/Users/tanimrayhan/Desktop/iceflow/apps/Makefile&quot;  VERBOSE=1 &quot;$file&quot;"/>
					<Clean command="/usr/local/bin/gmake -f &quot;/Users/tanimrayhan/Desktop/iceflow/apps/Makefile&quot;  VERBOSE=1 clean"/>
					<DistClean command="/usr/local/bin/gmake -f &quot;/Users/tanimrayhan/Desktop/iceflow/apps/Makefile&quot;  VERBOSE=1 clean"/>
				</MakeCommands>
			</Target>
			<Target title="peoplecounter">
				<Option output="/Users/tanimrayhan/Desktop/iceflow/build/peoplecounter" prefix_auto="0" extension_auto="0"/>
				<Option working_dir="/Users/tanimrayhan/Desktop/iceflow/apps"/>
				<Option object_output="./"/>
				<Option type="1"/>
				<Option compiler="gcc"/>
				<Compiler>
					<Add directory="/Users/tanimrayhan/Desktop/iceflow/apps/../include"/>
					<Add directory="/usr/local/include"/>
					<Add directory="/usr/local/opt/openssl/include"/>
					<Add directory="/usr/local/Cellar/opencv/4.7.0_4/include/opencv4"/>
				</Compiler>
				<MakeCommands>
					<Build command="/usr/local/bin/gmake -f &quot;/Users/tanimrayhan/Desktop/iceflow/apps/Makefile&quot;  VERBOSE=1 peoplecounter"/>
					<CompileFile command="/usr/local/bin/gmake -f &quot;/Users/tanimrayhan/Desktop/iceflow/apps/Makefile&quot;  VERBOSE=1 &quot;$file&quot;"/>
					<Clean command="/usr/local/bin/gmake -f &quot;/Users/tanimrayhan/Desktop/iceflow/apps/Makefile&quot;  VERBOSE=1 clean"/>
					<DistClean command="/usr/local/bin/gmake -f &quot;/Users/tanimrayhan/Desktop/iceflow/apps/Makefile&quot;  VERBOSE=1 clean"/>
				</MakeCommands>
			</Target>
			<Target title="peoplecounter/fast">
				<Option output="/Users/tanimrayhan/Desktop/iceflow/build/peoplecounter" prefix_auto="0" extension_auto="0"/>
				<Option working_dir="/Users/tanimrayhan/Desktop/iceflow/apps"/>
				<Option object_output="./"/>
				<Option type="1"/>
				<Option compiler="gcc"/>
				<Compiler>
					<Add directory="/Users/tanimrayhan/Desktop/iceflow/apps/../include"/>
					<Add directory="/usr/local/include"/>
					<Add directory="/usr/local/opt/openssl/include"/>
					<Add directory="/usr/local/Cellar/opencv/4.7.0_4/include/opencv4"/>
				</Compiler>
				<MakeCommands>
					<Build command="/usr/local/bin/gmake -f &quot;/Users/tanimrayhan/Desktop/iceflow/apps/Makefile&quot;  VERBOSE=1 peoplecounter/fast"/>
					<CompileFile command="/usr/local/bin/gmake -f &quot;/Users/tanimrayhan/Desktop/iceflow/apps/Makefile&quot;  VERBOSE=1 &quot;$file&quot;"/>
					<Clean command="/usr/local/bin/gmake -f &quot;/Users/tanimrayhan/Desktop/iceflow/apps/Makefile&quot;  VERBOSE=1 clean"/>
					<DistClean command="/usr/local/bin/gmake -f &quot;/Users/tanimrayhan/Desktop/iceflow/apps/Makefile&quot;  VERBOSE=1 clean"/>
				</MakeCommands>
			</Target>
			<Target title="imagesource">
				<Option output="/Users/tanimrayhan/Desktop/iceflow/build/imagesource" prefix_auto="0" extension_auto="0"/>
				<Option working_dir="/Users/tanimrayhan/Desktop/iceflow/apps"/>
				<Option object_output="./"/>
				<Option type="1"/>
				<Option compiler="gcc"/>
				<Compiler>
					<Add directory="/Users/tanimrayhan/Desktop/iceflow/apps/../include"/>
					<Add directory="/usr/local/include"/>
					<Add directory="/usr/local/opt/openssl/include"/>
					<Add directory="/usr/local/Cellar/opencv/4.7.0_4/include/opencv4"/>
				</Compiler>
				<MakeCommands>
					<Build command="/usr/local/bin/gmake -f &quot;/Users/tanimrayhan/Desktop/iceflow/apps/Makefile&quot;  VERBOSE=1 imagesource"/>
					<CompileFile command="/usr/local/bin/gmake -f &quot;/Users/tanimrayhan/Desktop/iceflow/apps/Makefile&quot;  VERBOSE=1 &quot;$file&quot;"/>
					<Clean command="/usr/local/bin/gmake -f &quot;/Users/tanimrayhan/Desktop/iceflow/apps/Makefile&quot;  VERBOSE=1 clean"/>
					<DistClean command="/usr/local/bin/gmake -f &quot;/Users/tanimrayhan/Desktop/iceflow/apps/Makefile&quot;  VERBOSE=1 clean"/>
				</MakeCommands>
			</Target>
			<Target title="imagesource/fast">
				<Option output="/Users/tanimrayhan/Desktop/iceflow/build/imagesource" prefix_auto="0" extension_auto="0"/>
				<Option working_dir="/Users/tanimrayhan/Desktop/iceflow/apps"/>
				<Option object_output="./"/>
				<Option type="1"/>
				<Option compiler="gcc"/>
				<Compiler>
					<Add directory="/Users/tanimrayhan/Desktop/iceflow/apps/../include"/>
					<Add directory="/usr/local/include"/>
					<Add directory="/usr/local/opt/openssl/include"/>
					<Add directory="/usr/local/Cellar/opencv/4.7.0_4/include/opencv4"/>
				</Compiler>
				<MakeCommands>
					<Build command="/usr/local/bin/gmake -f &quot;/Users/tanimrayhan/Desktop/iceflow/apps/Makefile&quot;  VERBOSE=1 imagesource/fast"/>
					<CompileFile command="/usr/local/bin/gmake -f &quot;/Users/tanimrayhan/Desktop/iceflow/apps/Makefile&quot;  VERBOSE=1 &quot;$file&quot;"/>
					<Clean command="/usr/local/bin/gmake -f &quot;/Users/tanimrayhan/Desktop/iceflow/apps/Makefile&quot;  VERBOSE=1 clean"/>
					<DistClean command="/usr/local/bin/gmake -f &quot;/Users/tanimrayhan/Desktop/iceflow/apps/Makefile&quot;  VERBOSE=1 clean"/>
				</MakeCommands>
			</Target>
			<Target title="agedetection">
				<Option output="/Users/tanimrayhan/Desktop/iceflow/build/agedetection" prefix_auto="0" extension_auto="0"/>
				<Option working_dir="/Users/tanimrayhan/Desktop/iceflow/apps"/>
				<Option object_output="./"/>
				<Option type="1"/>
				<Option compiler="gcc"/>
				<Compiler>
					<Add directory="/Users/tanimrayhan/Desktop/iceflow/apps/../include"/>
					<Add directory="/usr/local/include"/>
					<Add directory="/usr/local/opt/openssl/include"/>
					<Add directory="/usr/local/Cellar/opencv/4.7.0_4/include/opencv4"/>
				</Compiler>
				<MakeCommands>
					<Build command="/usr/local/bin/gmake -f &quot;/Users/tanimrayhan/Desktop/iceflow/apps/Makefile&quot;  VERBOSE=1 agedetection"/>
					<CompileFile command="/usr/local/bin/gmake -f &quot;/Users/tanimrayhan/Desktop/iceflow/apps/Makefile&quot;  VERBOSE=1 &quot;$file&quot;"/>
					<Clean command="/usr/local/bin/gmake -f &quot;/Users/tanimrayhan/Desktop/iceflow/apps/Makefile&quot;  VERBOSE=1 clean"/>
					<DistClean command="/usr/local/bin/gmake -f &quot;/Users/tanimrayhan/Desktop/iceflow/apps/Makefile&quot;  VERBOSE=1 clean"/>
				</MakeCommands>
			</Target>
			<Target title="agedetection/fast">
				<Option output="/Users/tanimrayhan/Desktop/iceflow/build/agedetection" prefix_auto="0" extension_auto="0"/>
				<Option working_dir="/Users/tanimrayhan/Desktop/iceflow/apps"/>
				<Option object_output="./"/>
				<Option type="1"/>
				<Option compiler="gcc"/>
				<Compiler>
					<Add directory="/Users/tanimrayhan/Desktop/iceflow/apps/../include"/>
					<Add directory="/usr/local/include"/>
					<Add directory="/usr/local/opt/openssl/include"/>
					<Add directory="/usr/local/Cellar/opencv/4.7.0_4/include/opencv4"/>
				</Compiler>
				<MakeCommands>
					<Build command="/usr/local/bin/gmake -f &quot;/Users/tanimrayhan/Desktop/iceflow/apps/Makefile&quot;  VERBOSE=1 agedetection/fast"/>
					<CompileFile command="/usr/local/bin/gmake -f &quot;/Users/tanimrayhan/Desktop/iceflow/apps/Makefile&quot;  VERBOSE=1 &quot;$file&quot;"/>
					<Clean command="/usr/local/bin/gmake -f &quot;/Users/tanimrayhan/Desktop/iceflow/apps/Makefile&quot;  VERBOSE=1 clean"/>
					<DistClean command="/usr/local/bin/gmake -f &quot;/Users/tanimrayhan/Desktop/iceflow/apps/Makefile&quot;  VERBOSE=1 clean"/>
				</MakeCommands>
			</Target>
			<Target title="genderdetection">
				<Option output="/Users/tanimrayhan/Desktop/iceflow/build/genderdetection" prefix_auto="0" extension_auto="0"/>
				<Option working_dir="/Users/tanimrayhan/Desktop/iceflow/apps"/>
				<Option object_output="./"/>
				<Option type="1"/>
				<Option compiler="gcc"/>
				<Compiler>
					<Add directory="/Users/tanimrayhan/Desktop/iceflow/apps/../include"/>
					<Add directory="/usr/local/include"/>
					<Add directory="/usr/local/opt/openssl/include"/>
					<Add directory="/usr/local/Cellar/opencv/4.7.0_4/include/opencv4"/>
				</Compiler>
				<MakeCommands>
					<Build command="/usr/local/bin/gmake -f &quot;/Users/tanimrayhan/Desktop/iceflow/apps/Makefile&quot;  VERBOSE=1 genderdetection"/>
					<CompileFile command="/usr/local/bin/gmake -f &quot;/Users/tanimrayhan/Desktop/iceflow/apps/Makefile&quot;  VERBOSE=1 &quot;$file&quot;"/>
					<Clean command="/usr/local/bin/gmake -f &quot;/Users/tanimrayhan/Desktop/iceflow/apps/Makefile&quot;  VERBOSE=1 clean"/>
					<DistClean command="/usr/local/bin/gmake -f &quot;/Users/tanimrayhan/Desktop/iceflow/apps/Makefile&quot;  VERBOSE=1 clean"/>
				</MakeCommands>
			</Target>
			<Target title="genderdetection/fast">
				<Option output="/Users/tanimrayhan/Desktop/iceflow/build/genderdetection" prefix_auto="0" extension_auto="0"/>
				<Option working_dir="/Users/tanimrayhan/Desktop/iceflow/apps"/>
				<Option object_output="./"/>
				<Option type="1"/>
				<Option compiler="gcc"/>
				<Compiler>
					<Add directory="/Users/tanimrayhan/Desktop/iceflow/apps/../include"/>
					<Add directory="/usr/local/include"/>
					<Add directory="/usr/local/opt/openssl/include"/>
					<Add directory="/usr/local/Cellar/opencv/4.7.0_4/include/opencv4"/>
				</Compiler>
				<MakeCommands>
					<Build command="/usr/local/bin/gmake -f &quot;/Users/tanimrayhan/Desktop/iceflow/apps/Makefile&quot;  VERBOSE=1 genderdetection/fast"/>
					<CompileFile command="/usr/local/bin/gmake -f &quot;/Users/tanimrayhan/Desktop/iceflow/apps/Makefile&quot;  VERBOSE=1 &quot;$file&quot;"/>
					<Clean command="/usr/local/bin/gmake -f &quot;/Users/tanimrayhan/Desktop/iceflow/apps/Makefile&quot;  VERBOSE=1 clean"/>
					<DistClean command="/usr/local/bin/gmake -f &quot;/Users/tanimrayhan/Desktop/iceflow/apps/Makefile&quot;  VERBOSE=1 clean"/>
				</MakeCommands>
			</Target>
		</Build>
		<Unit filename="/Users/tanimrayhan/Desktop/iceflow/apps/AgeDetection/agedetection.cpp">
			<Option target="agedetection"/>
		</Unit>
		<Unit filename="/Users/tanimrayhan/Desktop/iceflow/apps/Aggregate/aggregate.cpp">
			<Option target="aggregate"/>
		</Unit>
		<Unit filename="/Users/tanimrayhan/Desktop/iceflow/apps/FaceDetection/facedetection.cpp">
			<Option target="facedetection"/>
		</Unit>
		<Unit filename="/Users/tanimrayhan/Desktop/iceflow/apps/GenderDetection/genderdetection.cpp">
			<Option target="genderdetection"/>
		</Unit>
		<Unit filename="/Users/tanimrayhan/Desktop/iceflow/apps/ImageSource/imagesource.cpp">
			<Option target="imagesource"/>
		</Unit>
		<Unit filename="/Users/tanimrayhan/Desktop/iceflow/apps/PeopleCounter/peoplecounter.cpp">
			<Option target="peoplecounter"/>
		</Unit>
		<Unit filename="/Users/tanimrayhan/Desktop/iceflow/CMakeLists.txt">
			<Option virtualFolder="CMake Files\"/>
		</Unit>
		<Unit filename="/Users/tanimrayhan/Desktop/iceflow/cmake/format.cmake">
			<Option virtualFolder="CMake Files\cmake\"/>
		</Unit>
		<Unit filename="/Users/tanimrayhan/Desktop/iceflow/cmake/lint.cmake">
			<Option virtualFolder="CMake Files\cmake\"/>
		</Unit>
		<Unit filename="/Users/tanimrayhan/Desktop/iceflow/include/CMakeLists.txt">
			<Option virtualFolder="CMake Files\include\"/>
		</Unit>
		<Unit filename="/Users/tanimrayhan/Desktop/iceflow/apps/CMakeLists.txt">
			<Option virtualFolder="CMake Files\apps\"/>
		</Unit>
		<Unit filename="/Users/tanimrayhan/Desktop/iceflow/../../../../usr/local/share/cmake/yaml-cpp/yaml-cpp-config-version.cmake">
			<Option virtualFolder="CMake Files\..\..\..\..\usr\local\share\cmake\yaml-cpp\"/>
		</Unit>
		<Unit filename="/Users/tanimrayhan/Desktop/iceflow/../../../../usr/local/share/cmake/yaml-cpp/yaml-cpp-config.cmake">
			<Option virtualFolder="CMake Files\..\..\..\..\usr\local\share\cmake\yaml-cpp\"/>
		</Unit>
		<Unit filename="/Users/tanimrayhan/Desktop/iceflow/../../../../usr/local/share/cmake/yaml-cpp/yaml-cpp-targets-release.cmake">
			<Option virtualFolder="CMake Files\..\..\..\..\usr\local\share\cmake\yaml-cpp\"/>
		</Unit>
		<Unit filename="/Users/tanimrayhan/Desktop/iceflow/../../../../usr/local/share/cmake/yaml-cpp/yaml-cpp-targets.cmake">
			<Option virtualFolder="CMake Files\..\..\..\..\usr\local\share\cmake\yaml-cpp\"/>
		</Unit>
		<Unit filename="/Users/tanimrayhan/Desktop/iceflow/../../../../usr/local/lib/cmake/opencv4/OpenCVConfig-version.cmake">
			<Option virtualFolder="CMake Files\..\..\..\..\usr\local\lib\cmake\opencv4\"/>
		</Unit>
		<Unit filename="/Users/tanimrayhan/Desktop/iceflow/../../../../usr/local/lib/cmake/opencv4/OpenCVConfig.cmake">
			<Option virtualFolder="CMake Files\..\..\..\..\usr\local\lib\cmake\opencv4\"/>
		</Unit>
		<Unit filename="/Users/tanimrayhan/Desktop/iceflow/../../../../usr/local/lib/cmake/opencv4/OpenCVModules-release.cmake">
			<Option virtualFolder="CMake Files\..\..\..\..\usr\local\lib\cmake\opencv4\"/>
		</Unit>
		<Unit filename="/Users/tanimrayhan/Desktop/iceflow/../../../../usr/local/lib/cmake/opencv4/OpenCVModules.cmake">
			<Option virtualFolder="CMake Files\..\..\..\..\usr\local\lib\cmake\opencv4\"/>
		</Unit>
		<Unit filename="/Users/tanimrayhan/Desktop/iceflow/../../../../usr/local/lib/cmake/Boost-1.81.0/BoostConfig.cmake">
			<Option virtualFolder="CMake Files\..\..\..\..\usr\local\lib\cmake\Boost-1.81.0\"/>
		</Unit>
		<Unit filename="/Users/tanimrayhan/Desktop/iceflow/../../../../usr/local/lib/cmake/Boost-1.81.0/BoostConfigVersion.cmake">
			<Option virtualFolder="CMake Files\..\..\..\..\usr\local\lib\cmake\Boost-1.81.0\"/>
		</Unit>
		<Unit filename="/Users/tanimrayhan/Desktop/iceflow/../../../../usr/local/lib/cmake/boost_headers-1.81.0/boost_headers-config-version.cmake">
			<Option virtualFolder="CMake Files\..\..\..\..\usr\local\lib\cmake\boost_headers-1.81.0\"/>
		</Unit>
		<Unit filename="/Users/tanimrayhan/Desktop/iceflow/../../../../usr/local/lib/cmake/boost_headers-1.81.0/boost_headers-config.cmake">
			<Option virtualFolder="CMake Files\..\..\..\..\usr\local\lib\cmake\boost_headers-1.81.0\"/>
		</Unit>
	</Project>
</CodeBlocks_project_file>
